// !$*UTF8*$!
{
	archiveVersion = 1;
	classes = {
	};
	objectVersion = 50;
	objects = {

/* Begin PBXBuildFile section */
		8428FD9323B64DD50019C8B2 /* AppDelegate.swift in Sources */ = {isa = PBXBuildFile; fileRef = 8428FD9223B64DD50019C8B2 /* AppDelegate.swift */; };
		8428FD9523B64DD50019C8B2 /* SceneDelegate.swift in Sources */ = {isa = PBXBuildFile; fileRef = 8428FD9423B64DD50019C8B2 /* SceneDelegate.swift */; };
		8428FD9C23B64DD80019C8B2 /* Assets.xcassets in Resources */ = {isa = PBXBuildFile; fileRef = 8428FD9B23B64DD80019C8B2 /* Assets.xcassets */; };
		8428FD9F23B64DD80019C8B2 /* LaunchScreen.storyboard in Resources */ = {isa = PBXBuildFile; fileRef = 8428FD9D23B64DD80019C8B2 /* LaunchScreen.storyboard */; };
		8428FDA723B64E0F0019C8B2 /* MainViewController.swift in Sources */ = {isa = PBXBuildFile; fileRef = 8428FDA623B64E0F0019C8B2 /* MainViewController.swift */; };
		8428FDAB23B6AA6E0019C8B2 /* ModalViewController.swift in Sources */ = {isa = PBXBuildFile; fileRef = 8428FDAA23B6AA6E0019C8B2 /* ModalViewController.swift */; };
		8428FDAD23B6AA860019C8B2 /* PresentationController.swift in Sources */ = {isa = PBXBuildFile; fileRef = 8428FDAC23B6AA860019C8B2 /* PresentationController.swift */; };
/* End PBXBuildFile section */

/* Begin PBXFileReference section */
		8428FD8F23B64DD50019C8B2 /* modalViewApp.app */ = {isa = PBXFileReference; explicitFileType = wrapper.application; includeInIndex = 0; path = modalViewApp.app; sourceTree = BUILT_PRODUCTS_DIR; };
		8428FD9223B64DD50019C8B2 /* AppDelegate.swift */ = {isa = PBXFileReference; lastKnownFileType = sourcecode.swift; path = AppDelegate.swift; sourceTree = "<group>"; };
		8428FD9423B64DD50019C8B2 /* SceneDelegate.swift */ = {isa = PBXFileReference; lastKnownFileType = sourcecode.swift; path = SceneDelegate.swift; sourceTree = "<group>"; };
		8428FD9B23B64DD80019C8B2 /* Assets.xcassets */ = {isa = PBXFileReference; lastKnownFileType = folder.assetcatalog; path = Assets.xcassets; sourceTree = "<group>"; };
		8428FD9E23B64DD80019C8B2 /* Base */ = {isa = PBXFileReference; lastKnownFileType = file.storyboard; name = Base; path = Base.lproj/LaunchScreen.storyboard; sourceTree = "<group>"; };
		8428FDA023B64DD80019C8B2 /* Info.plist */ = {isa = PBXFileReference; lastKnownFileType = text.plist.xml; path = Info.plist; sourceTree = "<group>"; };
		8428FDA623B64E0F0019C8B2 /* MainViewController.swift */ = {isa = PBXFileReference; lastKnownFileType = sourcecode.swift; path = MainViewController.swift; sourceTree = "<group>"; };
		8428FDAA23B6AA6E0019C8B2 /* ModalViewController.swift */ = {isa = PBXFileReference; lastKnownFileType = sourcecode.swift; path = ModalViewController.swift; sourceTree = "<group>"; };
		8428FDAC23B6AA860019C8B2 /* PresentationController.swift */ = {isa = PBXFileReference; lastKnownFileType = sourcecode.swift; path = PresentationController.swift; sourceTree = "<group>"; };
/* End PBXFileReference section */

/* Begin PBXFrameworksBuildPhase section */
		8428FD8C23B64DD50019C8B2 /* Frameworks */ = {
			isa = PBXFrameworksBuildPhase;
			buildActionMask = 2147483647;
			files = (
			);
			runOnlyForDeploymentPostprocessing = 0;
		};
/* End PBXFrameworksBuildPhase section */

/* Begin PBXGroup section */
		8428FD8623B64DD50019C8B2 = {
			isa = PBXGroup;
			children = (
				8428FD9123B64DD50019C8B2 /* modalViewApp */,
				8428FD9023B64DD50019C8B2 /* Products */,
			);
			sourceTree = "<group>";
		};
		8428FD9023B64DD50019C8B2 /* Products */ = {
			isa = PBXGroup;
			children = (
				8428FD8F23B64DD50019C8B2 /* modalViewApp.app */,
			);
			name = Products;
			sourceTree = "<group>";
		};
		8428FD9123B64DD50019C8B2 /* modalViewApp */ = {
			isa = PBXGroup;
			children = (
				8428FDA823B64E1D0019C8B2 /* Aplication */,
				8428FDA923B64E240019C8B2 /* View */,
				8428FD9B23B64DD80019C8B2 /* Assets.xcassets */,
				8428FD9D23B64DD80019C8B2 /* LaunchScreen.storyboard */,
				8428FDA023B64DD80019C8B2 /* Info.plist */,
			);
			path = modalViewApp;
			sourceTree = "<group>";
		};
		8428FDA823B64E1D0019C8B2 /* Aplication */ = {
			isa = PBXGroup;
			children = (
				8428FD9223B64DD50019C8B2 /* AppDelegate.swift */,
				8428FD9423B64DD50019C8B2 /* SceneDelegate.swift */,
			);
			path = Aplication;
			sourceTree = "<group>";
		};
		8428FDA923B64E240019C8B2 /* View */ = {
			isa = PBXGroup;
			children = (
				8428FDA623B64E0F0019C8B2 /* MainViewController.swift */,
				8428FDAA23B6AA6E0019C8B2 /* ModalViewController.swift */,
				8428FDAC23B6AA860019C8B2 /* PresentationController.swift */,
			);
			path = View;
			sourceTree = "<group>";
		};
/* End PBXGroup section */

/* Begin PBXNativeTarget section */
		8428FD8E23B64DD50019C8B2 /* modalViewApp */ = {
			isa = PBXNativeTarget;
			buildConfigurationList = 8428FDA323B64DD80019C8B2 /* Build configuration list for PBXNativeTarget "modalViewApp" */;
			buildPhases = (
				8428FD8B23B64DD50019C8B2 /* Sources */,
				8428FD8C23B64DD50019C8B2 /* Frameworks */,
				8428FD8D23B64DD50019C8B2 /* Resources */,
			);
			buildRules = (
			);
			dependencies = (
			);
			name = modalViewApp;
			productName = modalViewApp;
			productReference = 8428FD8F23B64DD50019C8B2 /* modalViewApp.app */;
			productType = "com.apple.product-type.application";
		};
/* End PBXNativeTarget section */

/* Begin PBXProject section */
		8428FD8723B64DD50019C8B2 /* Project object */ = {
			isa = PBXProject;
			attributes = {
				LastSwiftUpdateCheck = 1130;
				LastUpgradeCheck = 1130;
				ORGANIZATIONNAME = "喜多 由樹";
				TargetAttributes = {
					8428FD8E23B64DD50019C8B2 = {
						CreatedOnToolsVersion = 11.3;
					};
				};
			};
			buildConfigurationList = 8428FD8A23B64DD50019C8B2 /* Build configuration list for PBXProject "modalViewApp" */;
			compatibilityVersion = "Xcode 9.3";
			developmentRegion = en;
			hasScannedForEncodings = 0;
			knownRegions = (
				en,
				Base,
			);
			mainGroup = 8428FD8623B64DD50019C8B2;
			productRefGroup = 8428FD9023B64DD50019C8B2 /* Products */;
			projectDirPath = "";
			projectRoot = "";
			targets = (
				8428FD8E23B64DD50019C8B2 /* modalViewApp */,
			);
		};
/* End PBXProject section */

/* Begin PBXResourcesBuildPhase section */
		8428FD8D23B64DD50019C8B2 /* Resources */ = {
			isa = PBXResourcesBuildPhase;
			buildActionMask = 2147483647;
			files = (
				8428FD9F23B64DD80019C8B2 /* LaunchScreen.storyboard in Resources */,
				8428FD9C23B64DD80019C8B2 /* Assets.xcassets in Resources */,
			);
			runOnlyForDeploymentPostprocessing = 0;
		};
/* End PBXResourcesBuildPhase section */

/* Begin PBXSourcesBuildPhase section */
		8428FD8B23B64DD50019C8B2 /* Sources */ = {
			isa = PBXSourcesBuildPhase;
			buildActionMask = 2147483647;
			files = (
				8428FDAB23B6AA6E0019C8B2 /* ModalViewController.swift in Sources */,
				8428FDA723B64E0F0019C8B2 /* MainViewController.swift in Sources */,
				8428FD9323B64DD50019C8B2 /* AppDelegate.swift in Sources */,
				8428FD9523B64DD50019C8B2 /* SceneDelegate.swift in Sources */,
				8428FDAD23B6AA860019C8B2 /* PresentationController.swift in Sources */,
			);
			runOnlyForDeploymentPostprocessing = 0;
		};
/* End PBXSourcesBuildPhase section */

/* Begin PBXVariantGroup section */
		8428FD9D23B64DD80019C8B2 /* LaunchScreen.storyboard */ = {
			isa = PBXVariantGroup;
			children = (
				8428FD9E23B64DD80019C8B2 /* Base */,
			);
			name = LaunchScreen.storyboard;
			sourceTree = "<group>";
		};
/* End PBXVariantGroup section */

/* Begin XCBuildConfiguration section */
		8428FDA123B64DD80019C8B2 /* Debug */ = {
			isa = XCBuildConfiguration;
			buildSettings = {
				ALWAYS_SEARCH_USER_PATHS = NO;
				CLANG_ANALYZER_NONNULL = YES;
				CLANG_ANALYZER_NUMBER_OBJECT_CONVERSION = YES_AGGRESSIVE;
				CLANG_CXX_LANGUAGE_STANDARD = "gnu++14";
				CLANG_CXX_LIBRARY = "libc++";
				CLANG_ENABLE_MODULES = YES;
				CLANG_ENABLE_OBJC_ARC = YES;
				CLANG_ENABLE_OBJC_WEAK = YES;
				CLANG_WARN_BLOCK_CAPTURE_AUTORELEASING = YES;
				CLANG_WARN_BOOL_CONVERSION = YES;
				CLANG_WARN_COMMA = YES;
				CLANG_WARN_CONSTANT_CONVERSION = YES;
				CLANG_WARN_DEPRECATED_OBJC_IMPLEMENTATIONS = YES;
				CLANG_WARN_DIRECT_OBJC_ISA_USAGE = YES_ERROR;
				CLANG_WARN_DOCUMENTATION_COMMENTS = YES;
				CLANG_WARN_EMPTY_BODY = YES;
				CLANG_WARN_ENUM_CONVERSION = YES;
				CLANG_WARN_INFINITE_RECURSION = YES;
				CLANG_WARN_INT_CONVERSION = YES;
				CLANG_WARN_NON_LITERAL_NULL_CONVERSION = YES;
				CLANG_WARN_OBJC_IMPLICIT_RETAIN_SELF = YES;
				CLANG_WARN_OBJC_LITERAL_CONVERSION = YES;
				CLANG_WARN_OBJC_ROOT_CLASS = YES_ERROR;
				CLANG_WARN_RANGE_LOOP_ANALYSIS = YES;
				CLANG_WARN_STRICT_PROTOTYPES = YES;
				CLANG_WARN_SUSPICIOUS_MOVE = YES;
				CLANG_WARN_UNGUARDED_AVAILABILITY = YES_AGGRESSIVE;
				CLANG_WARN_UNREACHABLE_CODE = YES;
				CLANG_WARN__DUPLICATE_METHOD_MATCH = YES;
				COPY_PHASE_STRIP = NO;
				DEBUG_INFORMATION_FORMAT = dwarf;
				ENABLE_STRICT_OBJC_MSGSEND = YES;
				ENABLE_TESTABILITY = YES;
				GCC_C_LANGUAGE_STANDARD = gnu11;
				GCC_DYNAMIC_NO_PIC = NO;
				GCC_NO_COMMON_BLOCKS = YES;
				GCC_OPTIMIZATION_LEVEL = 0;
				GCC_PREPROCESSOR_DEFINITIONS = (
					"DEBUG=1",
					"$(inherited)",
				);
				GCC_WARN_64_TO_32_BIT_CONVERSION = YES;
				GCC_WARN_ABOUT_RETURN_TYPE = YES_ERROR;
				GCC_WARN_UNDECLARED_SELECTOR = YES;
				GCC_WARN_UNINITIALIZED_AUTOS = YES_AGGRESSIVE;
				GCC_WARN_UNUSED_FUNCTION = YES;
				GCC_WARN_UNUSED_VARIABLE = YES;
				IPHONEOS_DEPLOYMENT_TARGET = 13.2;
				MTL_ENABLE_DEBUG_INFO = INCLUDE_SOURCE;
				MTL_FAST_MATH = YES;
				ONLY_ACTIVE_ARCH = YES;
				SDKROOT = iphoneos;
				SWIFT_ACTIVE_COMPILATION_CONDITIONS = DEBUG;
				SWIFT_OPTIMIZATION_LEVEL = "-Onone";
			};
			name = Debug;
		};
		8428FDA223B64DD80019C8B2 /* Release */ = {
			isa = XCBuildConfiguration;
			buildSettings = {
				ALWAYS_SEARCH_USER_PATHS = NO;
				CLANG_ANALYZER_NONNULL = YES;
				CLANG_ANALYZER_NUMBER_OBJECT_CONVERSION = YES_AGGRESSIVE;
				CLANG_CXX_LANGUAGE_STANDARD = "gnu++14";
				CLANG_CXX_LIBRARY = "libc++";
				CLANG_ENABLE_MODULES = YES;
				CLANG_ENABLE_OBJC_ARC = YES;
				CLANG_ENABLE_OBJC_WEAK = YES;
				CLANG_WARN_BLOCK_CAPTURE_AUTORELEASING = YES;
				CLANG_WARN_BOOL_CONVERSION = YES;
				CLANG_WARN_COMMA = YES;
				CLANG_WARN_CONSTANT_CONVERSION = YES;
				CLANG_WARN_DEPRECATED_OBJC_IMPLEMENTATIONS = YES;
				CLANG_WARN_DIRECT_OBJC_ISA_USAGE = YES_ERROR;
				CLANG_WARN_DOCUMENTATION_COMMENTS = YES;
				CLANG_WARN_EMPTY_BODY = YES;
				CLANG_WARN_ENUM_CONVERSION = YES;
				CLANG_WARN_INFINITE_RECURSION = YES;
				CLANG_WARN_INT_CONVERSION = YES;
				CLANG_WARN_NON_LITERAL_NULL_CONVERSION = YES;
				CLANG_WARN_OBJC_IMPLICIT_RETAIN_SELF = YES;
				CLANG_WARN_OBJC_LITERAL_CONVERSION = YES;
				CLANG_WARN_OBJC_ROOT_CLASS = YES_ERROR;
				CLANG_WARN_RANGE_LOOP_ANALYSIS = YES;
				CLANG_WARN_STRICT_PROTOTYPES = YES;
				CLANG_WARN_SUSPICIOUS_MOVE = YES;
				CLANG_WARN_UNGUARDED_AVAILABILITY = YES_AGGRESSIVE;
				CLANG_WARN_UNREACHABLE_CODE = YES;
				CLANG_WARN__DUPLICATE_METHOD_MATCH = YES;
				COPY_PHASE_STRIP = NO;
				DEBUG_INFORMATION_FORMAT = "dwarf-with-dsym";
				ENABLE_NS_ASSERTIONS = NO;
				ENABLE_STRICT_OBJC_MSGSEND = YES;
				GCC_C_LANGUAGE_STANDARD = gnu11;
				GCC_NO_COMMON_BLOCKS = YES;
				GCC_WARN_64_TO_32_BIT_CONVERSION = YES;
				GCC_WARN_ABOUT_RETURN_TYPE = YES_ERROR;
				GCC_WARN_UNDECLARED_SELECTOR = YES;
				GCC_WARN_UNINITIALIZED_AUTOS = YES_AGGRESSIVE;
				GCC_WARN_UNUSED_FUNCTION = YES;
				GCC_WARN_UNUSED_VARIABLE = YES;
				IPHONEOS_DEPLOYMENT_TARGET = 13.2;
				MTL_ENABLE_DEBUG_INFO = NO;
				MTL_FAST_MATH = YES;
				SDKROOT = iphoneos;
				SWIFT_COMPILATION_MODE = wholemodule;
				SWIFT_OPTIMIZATION_LEVEL = "-O";
				VALIDATE_PRODUCT = YES;
			};
			name = Release;
		};
		8428FDA423B64DD80019C8B2 /* Debug */ = {
			isa = XCBuildConfiguration;
			buildSettings = {
				ASSETCATALOG_COMPILER_APPICON_NAME = AppIcon;
				CODE_SIGN_STYLE = Automatic;
				INFOPLIST_FILE = modalViewApp/Info.plist;
				LD_RUNPATH_SEARCH_PATHS = (
					"$(inherited)",
					"@executable_path/Frameworks",
				);
				PRODUCT_BUNDLE_IDENTIFIER = com.modalViewApp;
				PRODUCT_NAME = "$(TARGET_NAME)";
				SWIFT_VERSION = 5.0;
				TARGETED_DEVICE_FAMILY = "1,2";
			};
			name = Debug;
		};
		8428FDA523B64DD80019C8B2 /* Release */ = {
			isa = XCBuildConfiguration;
			buildSettings = {
				ASSETCATALOG_COMPILER_APPICON_NAME = AppIcon;
				CODE_SIGN_STYLE = Automatic;
				INFOPLIST_FILE = modalViewApp/Info.plist;
				LD_RUNPATH_SEARCH_PATHS = (
					"$(inherited)",
					"@executable_path/Frameworks",
				);
				PRODUCT_BUNDLE_IDENTIFIER = com.modalViewApp;
				PRODUCT_NAME = "$(TARGET_NAME)";
				SWIFT_VERSION = 5.0;
				TARGETED_DEVICE_FAMILY = "1,2";
			};
			name = Release;
		};
/* End XCBuildConfiguration section */

/* Begin XCConfigurationList section */
		8428FD8A23B64DD50019C8B2 /* Build configuration list for PBXProject "modalViewApp" */ = {
			isa = XCConfigurationList;
			buildConfigurations = (
				8428FDA123B64DD80019C8B2 /* Debug */,
				8428FDA223B64DD80019C8B2 /* Release */,
			);
			defaultConfigurationIsVisible = 0;
			defaultConfigurationName = Release;
		};
		8428FDA323B64DD80019C8B2 /* Build configuration list for PBXNativeTarget "modalViewApp" */ = {
			isa = XCConfigurationList;
			buildConfigurations = (
				8428FDA423B64DD80019C8B2 /* Debug */,
				8428FDA523B64DD80019C8B2 /* Release */,
			);
			defaultConfigurationIsVisible = 0;
			defaultConfigurationName = Release;
		};
/* End XCConfigurationList section */
	};
	rootObject = 8428FD8723B64DD50019C8B2 /* Project object */;
}
